
Microsoft Visual Studio Solution File, Format Version 12.00
# Visual Studio Version 17
VisualStudioVersion = 17.6.33829.357
MinimumVisualStudioVersion = 10.0.40219.1
Project("{FAE04EC0-301F-11D3-BF4B-00C04F79EFBC}") = "ejemploHerencia", "ejemploHerencia\ejemploHerencia.csproj", "{D1871C6A-871C-4F5F-8229-DF219B01CD74}"
EndProject
Global
	GlobalSection(SolutionConfigurationPlatforms) = preSolution
		Debug|Any CPU = Debug|Any CPU
		Release|Any CPU = Release|Any CPU
	EndGlobalSection
	GlobalSection(ProjectConfigurationPlatforms) = postSolution
		{D1871C6A-871C-4F5F-8229-DF219B01CD74}.Debug|Any CPU.ActiveCfg = Debug|Any CPU
		{D1871C6A-871C-4F5F-8229-DF219B01CD74}.Debug|Any CPU.Build.0 = Debug|Any CPU
		{D1871C6A-871C-4F5F-8229-DF219B01CD74}.Release|Any CPU.ActiveCfg = Release|Any CPU
		{D1871C6A-871C-4F5F-8229-DF219B01CD74}.Release|Any CPU.Build.0 = Release|Any CPU
	EndGlobalSection
	GlobalSection(SolutionProperties) = preSolution
		HideSolutionNode = FALSE
	EndGlobalSection
	GlobalSection(ExtensibilityGlobals) = postSolution
		SolutionGuid = {4C0A8376-076E-443E-8C39-699BF3B530D8}
	EndGlobalSection
EndGlobal
